
Microsoft Visual Studio Solution File, Format Version 12.00
# Visual Studio Version 17
VisualStudioVersion = 17.7.34221.43
MinimumVisualStudioVersion = 10.0.40219.1
Project("{FAE04EC0-301F-11D3-BF4B-00C04F79EFBC}") = "PluginAwaraIT", "PluginAwaraIT\PluginAwaraIT.csproj", "{10744118-5BDF-442C-A2DB-5070D64C3DA8}"
EndProject
Global
	GlobalSection(SolutionConfigurationPlatforms) = preSolution
		Debug|Any CPU = Debug|Any CPU
		Release|Any CPU = Release|Any CPU
	EndGlobalSection
	GlobalSection(ProjectConfigurationPlatforms) = postSolution
		{10744118-5BDF-442C-A2DB-5070D64C3DA8}.Debug|Any CPU.ActiveCfg = Debug|Any CPU
		{10744118-5BDF-442C-A2DB-5070D64C3DA8}.Debug|Any CPU.Build.0 = Debug|Any CPU
		{10744118-5BDF-442C-A2DB-5070D64C3DA8}.Release|Any CPU.ActiveCfg = Release|Any CPU
		{10744118-5BDF-442C-A2DB-5070D64C3DA8}.Release|Any CPU.Build.0 = Release|Any CPU
	EndGlobalSection
	GlobalSection(SolutionProperties) = preSolution
		HideSolutionNode = FALSE
	EndGlobalSection
	GlobalSection(ExtensibilityGlobals) = postSolution
		SolutionGuid = {46556F7E-99BD-40FE-9816-A984C169A124}
	EndGlobalSection
EndGlobal
